<?xml version="1.0" encoding="utf-8"?>
<Project ToolsVersion="4.0" xmlns="http://schemas.microsoft.com/developer/msbuild/2003">
  <ItemGroup>
    <Filter Include="Source">
      <UniqueIdentifier>{4FC737F1-C7A5-4376-A066-2A32D752A2FF}</UniqueIdentifier>
      <Extensions>cpp;c;cc;cxx;def;odl;idl;hpj;bat;asm;asmx;h;hpp;hxx;hm;inl;inc;xsd</Extensions>
    </Filter>
    <Filter Include="Include">
      <UniqueIdentifier>{93995380-89BD-4b04-88EB-625FBE52EBFB}</UniqueIdentifier>
      <Extensions>
      </Extensions>
    </Filter>
    <Filter Include="Resources">
      <UniqueIdentifier>{67DA6AB6-F800-4c08-8B7A-83BB121AAD01}</UniqueIdentifier>
      <Extensions>rc;ico;cur;bmp;dlg;rc2;rct;bin;rgs;gif;jpg;jpeg;jpe;resx;tiff;tif;png;wav;mfcribbon-ms</Extensions>
    </Filter>
    <Filter Include="Source\States">
      <UniqueIdentifier>{eafdeebe-a8f2-49c8-ad9b-de929751e97e}</UniqueIdentifier>
    </Filter>
  </ItemGroup>
  <ItemGroup>
    <ClCompile Include="Source\States\DefaultGameStateManager.cpp">
      <Filter>Source\States</Filter>
    </ClCompile>
    <ClCompile Include="Source\States\GameState.cpp">
      <Filter>Source\States</Filter>
    </ClCompile>
    <ClCompile Include="Source\States\GameStateManager.cpp">
      <Filter>Source\States</Filter>
    </ClCompile>
    <ClCompile Include="Source\States\GameStateProvider.cpp">
      <Filter>Source\States</Filter>
    </ClCompile>
    <ClCompile Include="Source\States\Modality.cpp">
      <Filter>Source\States</Filter>
    </ClCompile>
    <ClCompile Include="Source\Drawable.cpp">
      <Filter>Source</Filter>
    </ClCompile>
    <ClCompile Include="Source\Updateable.cpp">
      <Filter>Source</Filter>
    </ClCompile>
    <ClCompile Include="Source\Main.cpp">
      <Filter>Source</Filter>
    </ClCompile>
  </ItemGroup>
  <ItemGroup>
    <ClInclude Include="Source\States\DefaultGameStateManager.h">
      <Filter>Source\States</Filter>
    </ClInclude>
    <ClInclude Include="Source\States\GameState.h">
      <Filter>Source\States</Filter>
    </ClInclude>
    <ClInclude Include="Source\States\GameStateManager.h">
      <Filter>Source\States</Filter>
    </ClInclude>
    <ClInclude Include="Source\States\GameStateProvider.h">
      <Filter>Source\States</Filter>
    </ClInclude>
    <ClInclude Include="Source\States\Modality.h">
      <Filter>Source\States</Filter>
    </ClInclude>
    <ClInclude Include="Source\Drawable.h">
      <Filter>Source</Filter>
    </ClInclude>
    <ClInclude Include="Source\Updateable.h">
      <Filter>Source</Filter>
    </ClInclude>
  </ItemGroup>
</Project>